<?xml version="1.0" encoding="utf-8"?>
<Project ToolsVersion="4.0" xmlns="http://schemas.microsoft.com/developer/msbuild/2003">
  <ItemGroup>
    <Filter Include="源文件">
      <UniqueIdentifier>{4FC737F1-C7A5-4376-A066-2A32D752A2FF}</UniqueIdentifier>
      <Extensions>cpp;c;cc;cxx;def;odl;idl;hpj;bat;asm;asmx</Extensions>
    </Filter>
    <Filter Include="头文件">
      <UniqueIdentifier>{93995380-89BD-4b04-88EB-625FBE52EBFB}</UniqueIdentifier>
      <Extensions>h;hh;hpp;hxx;hm;inl;inc;ipp;xsd</Extensions>
    </Filter>
    <Filter Include="资源文件">
      <UniqueIdentifier>{67DA6AB6-F800-4c08-8B7A-83BB121AAD01}</UniqueIdentifier>
      <Extensions>rc;ico;cur;bmp;dlg;rc2;rct;bin;rgs;gif;jpg;jpeg;jpe;resx;tiff;tif;png;wav;mfcribbon-ms</Extensions>
    </Filter>
    <Filter Include="CTerisConst">
      <UniqueIdentifier>{bc754a1a-2b6f-47d0-974f-304867b6a7c8}</UniqueIdentifier>
    </Filter>
    <Filter Include="CTerisWindow">
      <UniqueIdentifier>{af505971-f66e-44ab-b941-3477481700a8}</UniqueIdentifier>
    </Filter>
    <Filter Include="CErrorLog">
      <UniqueIdentifier>{c7b440d2-9472-4d4a-8f90-ee93a37d69c3}</UniqueIdentifier>
    </Filter>
    <Filter Include="CTerisBlock">
      <UniqueIdentifier>{f19e3960-8050-48e8-b6dc-2a81157a32b9}</UniqueIdentifier>
    </Filter>
    <Filter Include="CTerisControl">
      <UniqueIdentifier>{8e796180-45f3-4096-ba38-ee7d3ddc0b85}</UniqueIdentifier>
    </Filter>
  </ItemGroup>
  <ItemGroup>
    <ClCompile Include="main.cpp">
      <Filter>源文件</Filter>
    </ClCompile>
    <ClCompile Include="TetrisConst.cpp">
      <Filter>CTerisConst</Filter>
    </ClCompile>
    <ClCompile Include="CTerisWindow.cpp">
      <Filter>CTerisWindow</Filter>
    </ClCompile>
    <ClCompile Include="CErrorLog.cpp">
      <Filter>CErrorLog</Filter>
    </ClCompile>
    <ClCompile Include="CTetrisBlock.cpp">
      <Filter>CTerisBlock</Filter>
    </ClCompile>
    <ClCompile Include="CTerisControl.cpp">
      <Filter>CTerisControl</Filter>
    </ClCompile>
  </ItemGroup>
  <ItemGroup>
    <ClInclude Include="TetrisConst.h">
      <Filter>CTerisConst</Filter>
    </ClInclude>
    <ClInclude Include="CTerisWindow.h">
      <Filter>CTerisWindow</Filter>
    </ClInclude>
    <ClInclude Include="CErrorLog.h">
      <Filter>CErrorLog</Filter>
    </ClInclude>
    <ClInclude Include="CTetrisBlock.h">
      <Filter>CTerisBlock</Filter>
    </ClInclude>
    <ClInclude Include="CTerisControl.h">
      <Filter>CTerisControl</Filter>
    </ClInclude>
  </ItemGroup>
</Project>